
Microsoft Visual Studio Solution File, Format Version 12.00
# Visual Studio Version 17
VisualStudioVersion = 17.9.34714.143
MinimumVisualStudioVersion = 10.0.40219.1
Project("{C9674DCB-5085-4A16-B785-4C70DD1589BD}") = "Integration Services Project 2", "Integration Services Project 2\Integration Services Project 2.dtproj", "{F057F6D3-57C7-483A-8120-78888A7F059F}"
EndProject
Global
	GlobalSection(SolutionConfigurationPlatforms) = preSolution
		Development|Default = Development|Default
	EndGlobalSection
	GlobalSection(ProjectConfigurationPlatforms) = postSolution
		{F057F6D3-57C7-483A-8120-78888A7F059F}.Development|Default.ActiveCfg = Development
		{F057F6D3-57C7-483A-8120-78888A7F059F}.Development|Default.Build.0 = Development
	EndGlobalSection
	GlobalSection(SolutionProperties) = preSolution
		HideSolutionNode = FALSE
	EndGlobalSection
	GlobalSection(ExtensibilityGlobals) = postSolution
		SolutionGuid = {B3F23744-92FD-429B-BFDB-29498CB580AB}
	EndGlobalSection
EndGlobal
